
Microsoft Visual Studio Solution File, Format Version 12.00
# Visual Studio Version 17
VisualStudioVersion = 17.5.002.0
MinimumVisualStudioVersion = 10.0.40219.1
Project("{9A19103F-16F7-4668-BE54-9A1E7A4F7556}") = "DesafioProjetoHospedagem", "DesafioProjetoHospedagem.csproj", "{547B56D2-FDA5-4EDA-9175-BB6A54CCBA04}"
EndProject
Global
	GlobalSection(SolutionConfigurationPlatforms) = preSolution
		Debug|Any CPU = Debug|Any CPU
		Release|Any CPU = Release|Any CPU
	EndGlobalSection
	GlobalSection(ProjectConfigurationPlatforms) = postSolution
		{547B56D2-FDA5-4EDA-9175-BB6A54CCBA04}.Debug|Any CPU.ActiveCfg = Debug|Any CPU
		{547B56D2-FDA5-4EDA-9175-BB6A54CCBA04}.Debug|Any CPU.Build.0 = Debug|Any CPU
		{547B56D2-FDA5-4EDA-9175-BB6A54CCBA04}.Release|Any CPU.ActiveCfg = Release|Any CPU
		{547B56D2-FDA5-4EDA-9175-BB6A54CCBA04}.Release|Any CPU.Build.0 = Release|Any CPU
	EndGlobalSection
	GlobalSection(SolutionProperties) = preSolution
		HideSolutionNode = FALSE
	EndGlobalSection
	GlobalSection(ExtensibilityGlobals) = postSolution
		SolutionGuid = {8B4638EF-3124-4DB6-8EB5-4AE9CC50AA3D}
	EndGlobalSection
EndGlobal
